
Microsoft Visual Studio Solution File, Format Version 12.00
# Visual Studio Version 16
VisualStudioVersion = 16.0.30611.23
MinimumVisualStudioVersion = 10.0.40219.1
Project("{FAE04EC0-301F-11D3-BF4B-00C04F79EFBC}") = "TestCourseWork", "TestCourseWork\TestCourseWork.csproj", "{A57F0FB4-18CB-4602-BAA1-726663BED4AB}"
EndProject
Global
	GlobalSection(SolutionConfigurationPlatforms) = preSolution
		Debug|Any CPU = Debug|Any CPU
		Release|Any CPU = Release|Any CPU
	EndGlobalSection
	GlobalSection(ProjectConfigurationPlatforms) = postSolution
		{A57F0FB4-18CB-4602-BAA1-726663BED4AB}.Debug|Any CPU.ActiveCfg = Debug|Any CPU
		{A57F0FB4-18CB-4602-BAA1-726663BED4AB}.Debug|Any CPU.Build.0 = Debug|Any CPU
		{A57F0FB4-18CB-4602-BAA1-726663BED4AB}.Release|Any CPU.ActiveCfg = Release|Any CPU
		{A57F0FB4-18CB-4602-BAA1-726663BED4AB}.Release|Any CPU.Build.0 = Release|Any CPU
	EndGlobalSection
	GlobalSection(SolutionProperties) = preSolution
		HideSolutionNode = FALSE
	EndGlobalSection
	GlobalSection(ExtensibilityGlobals) = postSolution
		SolutionGuid = {D67DCC09-A735-4A04-B064-B9255CC9C8D7}
	EndGlobalSection
EndGlobal
